
Microsoft Visual Studio Solution File, Format Version 12.00
# Visual Studio Version 17
VisualStudioVersion = 17.13.35931.197 d17.13
MinimumVisualStudioVersion = 10.0.40219.1
Project("{FAE04EC0-301F-11D3-BF4B-00C04F79EFBC}") = "BMI", "BMI\BMI.csproj", "{BA064AF7-B3FB-4B92-AFDD-028FE947604A}"
EndProject
Global
	GlobalSection(SolutionConfigurationPlatforms) = preSolution
		Debug|Any CPU = Debug|Any CPU
		Release|Any CPU = Release|Any CPU
	EndGlobalSection
	GlobalSection(ProjectConfigurationPlatforms) = postSolution
		{BA064AF7-B3FB-4B92-AFDD-028FE947604A}.Debug|Any CPU.ActiveCfg = Debug|Any CPU
		{BA064AF7-B3FB-4B92-AFDD-028FE947604A}.Debug|Any CPU.Build.0 = Debug|Any CPU
		{BA064AF7-B3FB-4B92-AFDD-028FE947604A}.Release|Any CPU.ActiveCfg = Release|Any CPU
		{BA064AF7-B3FB-4B92-AFDD-028FE947604A}.Release|Any CPU.Build.0 = Release|Any CPU
	EndGlobalSection
	GlobalSection(SolutionProperties) = preSolution
		HideSolutionNode = FALSE
	EndGlobalSection
	GlobalSection(ExtensibilityGlobals) = postSolution
		SolutionGuid = {FD4DD7C8-64B7-4338-872E-253CB77FEB11}
	EndGlobalSection
EndGlobal
